{
  "name": "superset",
  "version": "0.999.0dev",
  "lockfileVersion": 1,
  "requires": true,
  "dependencies": {
    "react-tag-autocomplete": {
      "version": "5.5.1",
      "resolved": "https://registry.npmjs.org/react-tag-autocomplete/-/react-tag-autocomplete-5.5.1.tgz",
      "integrity": "sha512-/x6izH2OUySduXfJ9pgb3B2IirkE8w9+JEC1TF4QyPvyLTQ2tDFf4hlvTmK7iGEo+ll7oRZbtEHScLDI5YvvEQ=="
    }
  }
}
